
Microsoft Visual Studio Solution File, Format Version 12.00
# Visual Studio Version 17
VisualStudioVersion = 17.7.34221.43
MinimumVisualStudioVersion = 10.0.40219.1
Project("{FAE04EC0-301F-11D3-BF4B-00C04F79EFBC}") = "Vaishnavi_Dere_assignment_04", "Vaishnavi_Dere_assignment_04\Vaishnavi_Dere_assignment_04.csproj", "{34FA83D7-F95F-4D74-A5E0-2E71FD964C65}"
EndProject
Global
	GlobalSection(SolutionConfigurationPlatforms) = preSolution
		Debug|Any CPU = Debug|Any CPU
		Release|Any CPU = Release|Any CPU
	EndGlobalSection
	GlobalSection(ProjectConfigurationPlatforms) = postSolution
		{34FA83D7-F95F-4D74-A5E0-2E71FD964C65}.Debug|Any CPU.ActiveCfg = Debug|Any CPU
		{34FA83D7-F95F-4D74-A5E0-2E71FD964C65}.Debug|Any CPU.Build.0 = Debug|Any CPU
		{34FA83D7-F95F-4D74-A5E0-2E71FD964C65}.Release|Any CPU.ActiveCfg = Release|Any CPU
		{34FA83D7-F95F-4D74-A5E0-2E71FD964C65}.Release|Any CPU.Build.0 = Release|Any CPU
	EndGlobalSection
	GlobalSection(SolutionProperties) = preSolution
		HideSolutionNode = FALSE
	EndGlobalSection
	GlobalSection(ExtensibilityGlobals) = postSolution
		SolutionGuid = {5B4657B1-E085-4280-9387-38FD44BF076E}
	EndGlobalSection
EndGlobal
